{
  "name": "example",
  "version": "1.0.5",
  "lockfileVersion": 2,
  "requires": true,
  "packages": {
    "": {
      "name": "example",
      "version": "1.0.5",
      "license": "MIT",
      "dependencies": {
        "hpw": "^0.1.15"
      }
    },
    "node_modules/concolor": {
      "version": "1.0.0",
      "resolved": "https://registry.npmjs.org/concolor/-/concolor-1.0.0.tgz",
      "integrity": "sha512-1DfwNXz1173Zalo//LtZoAX/JnVBl/Z4fS3T4sx8qYO1bhPVlaQgFs63xK5DV58n3lFVHzGNT76VqsJ/IYhEAg==",
      "engines": {
        "node": "^12.9 || 14 || 15"
      }
    },
    "node_modules/hpw": {
      "version": "0.1.15",
      "resolved": "https://registry.npmjs.org/hpw/-/hpw-0.1.15.tgz",
      "integrity": "sha512-gizSRUbD2pvEuDl5/JC/8HGxGN2NKL9zQUAHEVD2+j+seBEUsySdsNuGn7sOsWxhAPpW+ISHLA69itCoYBPlZw==",
      "hasInstallScript": true,
      "dependencies": {
        "concolor": "^1.0.0"
      },
      "bin": {
        "hpw": "bin/hpw.js"
      },
      "engines": {
        "node": ">=10.0.0"
      }
    }
  },
  "dependencies": {
    "concolor": {
      "version": "1.0.0",
      "resolved": "https://registry.npmjs.org/concolor/-/concolor-1.0.0.tgz",
      "integrity": "sha512-1DfwNXz1173Zalo//LtZoAX/JnVBl/Z4fS3T4sx8qYO1bhPVlaQgFs63xK5DV58n3lFVHzGNT76VqsJ/IYhEAg=="
    },
    "hpw": {
      "version": "0.1.15",
      "resolved": "https://registry.npmjs.org/hpw/-/hpw-0.1.15.tgz",
      "integrity": "sha512-gizSRUbD2pvEuDl5/JC/8HGxGN2NKL9zQUAHEVD2+j+seBEUsySdsNuGn7sOsWxhAPpW+ISHLA69itCoYBPlZw==",
      "requires": {
        "concolor": "^1.0.0"
      }
    }
  }
}
